
Microsoft Visual Studio Solution File, Format Version 12.00
# Visual Studio 14
VisualStudioVersion = 14.0.24720.0
MinimumVisualStudioVersion = 10.0.40219.1
Project("{FAE04EC0-301F-11D3-BF4B-00C04F79EFBC}") = "JConverter", "JConverter\JConverter.csproj", "{A20A6188-03AC-410F-9956-DE60385DAB05}"
EndProject
Project("{2150E333-8FDC-42A3-9474-1A3956D46DE8}") = "Solution Items", "Solution Items", "{306B3050-EC0A-4098-93AC-2DA2E637E2FC}"
	ProjectSection(SolutionItems) = preProject
		..\.gitignore = ..\.gitignore
		..\LICENSE = ..\LICENSE
		..\README.md = ..\README.md
	EndProjectSection
EndProject
Project("{FAE04EC0-301F-11D3-BF4B-00C04F79EFBC}") = "JConverter2", "JConverter2\JConverter2.csproj", "{2AF06659-247F-495A-9249-1460F87B62C8}"
EndProject
Project("{FAE04EC0-301F-11D3-BF4B-00C04F79EFBC}") = "JConverter3", "JConverter3\JConverter3.csproj", "{D55366BB-7837-48EA-B172-2B5394A0D807}"
Project("{FAE04EC0-301F-11D3-BF4B-00C04F79EFBC}") = "JConverter.Tests", "JConverter.Tests\JConverter.Tests.csproj", "{8CA96EC6-B95F-45A6-8A62-507B79C74F37}"
EndProject
Global
	GlobalSection(SolutionConfigurationPlatforms) = preSolution
		Debug|Any CPU = Debug|Any CPU
		Release|Any CPU = Release|Any CPU
	EndGlobalSection
	GlobalSection(ProjectConfigurationPlatforms) = postSolution
		{A20A6188-03AC-410F-9956-DE60385DAB05}.Debug|Any CPU.ActiveCfg = Debug|Any CPU
		{A20A6188-03AC-410F-9956-DE60385DAB05}.Debug|Any CPU.Build.0 = Debug|Any CPU
		{A20A6188-03AC-410F-9956-DE60385DAB05}.Release|Any CPU.ActiveCfg = Release|Any CPU
		{A20A6188-03AC-410F-9956-DE60385DAB05}.Release|Any CPU.Build.0 = Release|Any CPU
		{2AF06659-247F-495A-9249-1460F87B62C8}.Debug|Any CPU.ActiveCfg = Debug|Any CPU
		{2AF06659-247F-495A-9249-1460F87B62C8}.Debug|Any CPU.Build.0 = Debug|Any CPU
		{2AF06659-247F-495A-9249-1460F87B62C8}.Release|Any CPU.ActiveCfg = Release|Any CPU
		{2AF06659-247F-495A-9249-1460F87B62C8}.Release|Any CPU.Build.0 = Release|Any CPU
		{D55366BB-7837-48EA-B172-2B5394A0D807}.Debug|Any CPU.ActiveCfg = Debug|Any CPU
		{D55366BB-7837-48EA-B172-2B5394A0D807}.Debug|Any CPU.Build.0 = Debug|Any CPU
		{D55366BB-7837-48EA-B172-2B5394A0D807}.Release|Any CPU.ActiveCfg = Release|Any CPU
		{D55366BB-7837-48EA-B172-2B5394A0D807}.Release|Any CPU.Build.0 = Release|Any CPU
		{8CA96EC6-B95F-45A6-8A62-507B79C74F37}.Debug|Any CPU.ActiveCfg = Debug|Any CPU
		{8CA96EC6-B95F-45A6-8A62-507B79C74F37}.Debug|Any CPU.Build.0 = Debug|Any CPU
		{8CA96EC6-B95F-45A6-8A62-507B79C74F37}.Release|Any CPU.ActiveCfg = Release|Any CPU
		{8CA96EC6-B95F-45A6-8A62-507B79C74F37}.Release|Any CPU.Build.0 = Release|Any CPU
	EndGlobalSection
	GlobalSection(SolutionProperties) = preSolution
		HideSolutionNode = FALSE
	EndGlobalSection
EndGlobal
